// !$*UTF8*$!
{
	archiveVersion = 1;
	classes = {
	};
	objectVersion = 46;
	objects = {

/* Begin PBXBuildFile section */
		0414C0FD197E424800349AB0 /* GameKit.framework in Frameworks */ = {isa = PBXBuildFile; fileRef = 0414C0FC197E424800349AB0 /* GameKit.framework */; };
		0454A58819374B07002403B5 /* jump.wav in Resources */ = {isa = PBXBuildFile; fileRef = 0454A58719374B07002403B5 /* jump.wav */; };
		049CEE0D1951D12B00949E29 /* ground.atlas in Resources */ = {isa = PBXBuildFile; fileRef = 049CEE0C1951D12B00949E29 /* ground.atlas */; };
		04B85443193C73DE00F000A8 /* ObjectBitMask.m in Sources */ = {isa = PBXBuildFile; fileRef = 04B85442193C73DE00F000A8 /* ObjectBitMask.m */; };
		04B85446193C73F500F000A8 /* Player.m in Sources */ = {isa = PBXBuildFile; fileRef = 04B85445193C73F500F000A8 /* Player.m */; };
		04B85449193C80A600F000A8 /* Ground.m in Sources */ = {isa = PBXBuildFile; fileRef = 04B85448193C80A600F000A8 /* Ground.m */; };
		04B8544C193C93FF00F000A8 /* Wall.m in Sources */ = {isa = PBXBuildFile; fileRef = 04B8544B193C93FF00F000A8 /* Wall.m */; };
		04B8544F193CA30D00F000A8 /* Sensor.m in Sources */ = {isa = PBXBuildFile; fileRef = 04B8544E193CA30D00F000A8 /* Sensor.m */; };
		04B85452193CAB9400F000A8 /* Sea.m in Sources */ = {isa = PBXBuildFile; fileRef = 04B85451193CAB9400F000A8 /* Sea.m */; };
		A410877719659CCD00E32324 /* walkPenguin.atlas in Resources */ = {isa = PBXBuildFile; fileRef = A410877619659CCD00E32324 /* walkPenguin.atlas */; };
		A410877B19659F4C00E32324 /* flyPenguin.atlas in Resources */ = {isa = PBXBuildFile; fileRef = A410877A19659F4C00E32324 /* flyPenguin.atlas */; };
		A410877D1966A8A200E32324 /* flyPoint.png in Resources */ = {isa = PBXBuildFile; fileRef = A410877C1966A8A200E32324 /* flyPoint.png */; };
		A410877F1966B68700E32324 /* pengin6.png in Resources */ = {isa = PBXBuildFile; fileRef = A410877E1966B68700E32324 /* pengin6.png */; };
		A41996F619711913006980F7 /* tutorial1.jpg in Resources */ = {isa = PBXBuildFile; fileRef = A41996F519711913006980F7 /* tutorial1.jpg */; };
		A41996F819713F25006980F7 /* kanban.png in Resources */ = {isa = PBXBuildFile; fileRef = A41996F719713F25006980F7 /* kanban.png */; };
		A471A28C1942FB28002E1EAD /* attackedWall.mp3 in Resources */ = {isa = PBXBuildFile; fileRef = A471A28B1942FB28002E1EAD /* attackedWall.mp3 */; };
		A471A29119430B16002E1EAD /* Fish.png in Resources */ = {isa = PBXBuildFile; fileRef = A471A29019430B16002E1EAD /* Fish.png */; };
		A48DBF39197E196900A94B47 /* pengin5.png in Resources */ = {isa = PBXBuildFile; fileRef = A48DBF38197E196900A94B47 /* pengin5.png */; };
		A49D6937197E0CE200D211E7 /* sp-setofont.ttf in Resources */ = {isa = PBXBuildFile; fileRef = A49D6936197E0C4F00D211E7 /* sp-setofont.ttf */; };
		A4A1049019434F19003182DD /* Fish.m in Sources */ = {isa = PBXBuildFile; fileRef = A4A1048F19434F19003182DD /* Fish.m */; };
		A4A1049E19472BCF003182DD /* hyouzan.png in Resources */ = {isa = PBXBuildFile; fileRef = A4A1049D19472BCF003182DD /* hyouzan.png */; };
		A4A104CB1949CD75003182DD /* cloud3.png in Resources */ = {isa = PBXBuildFile; fileRef = A4A104C71949CD75003182DD /* cloud3.png */; };
		A4A104CC1949CD75003182DD /* cloud2.png in Resources */ = {isa = PBXBuildFile; fileRef = A4A104C81949CD75003182DD /* cloud2.png */; };
		A4A104CD1949CD75003182DD /* cloud1.png in Resources */ = {isa = PBXBuildFile; fileRef = A4A104C91949CD75003182DD /* cloud1.png */; };
		A4A104CE1949CD75003182DD /* cloud4.png in Resources */ = {isa = PBXBuildFile; fileRef = A4A104CA1949CD75003182DD /* cloud4.png */; };
		A4A104DD1949E549003182DD /* Island.m in Sources */ = {isa = PBXBuildFile; fileRef = A4A104DC1949E549003182DD /* Island.m */; };
		A4A104E8194B252F003182DD /* Cloud.m in Sources */ = {isa = PBXBuildFile; fileRef = A4A104E7194B252F003182DD /* Cloud.m */; };
		A4A104EC194B33AE003182DD /* backmusic.mp3 in Resources */ = {isa = PBXBuildFile; fileRef = A4A104EB194B33AE003182DD /* backmusic.mp3 */; };
		A4A104F1194B37DC003182DD /* gameover.mp3 in Resources */ = {isa = PBXBuildFile; fileRef = A4A104F0194B37DC003182DD /* gameover.mp3 */; };
		A4A147051964090700AD140E /* sea.png in Resources */ = {isa = PBXBuildFile; fileRef = A4A147041964090700AD140E /* sea.png */; };
		A4A1470C1964410D00AD140E /* Island1.png in Resources */ = {isa = PBXBuildFile; fileRef = A4A1470A1964410D00AD140E /* Island1.png */; };
		A4A1470D1964410D00AD140E /* Island2.png in Resources */ = {isa = PBXBuildFile; fileRef = A4A1470B1964410D00AD140E /* Island2.png */; };
		A4A1BA5E192B43BB00805339 /* Foundation.framework in Frameworks */ = {isa = PBXBuildFile; fileRef = A4A1BA5D192B43BB00805339 /* Foundation.framework */; };
		A4A1BA60192B43BB00805339 /* CoreGraphics.framework in Frameworks */ = {isa = PBXBuildFile; fileRef = A4A1BA5F192B43BB00805339 /* CoreGraphics.framework */; };
		A4A1BA62192B43BB00805339 /* UIKit.framework in Frameworks */ = {isa = PBXBuildFile; fileRef = A4A1BA61192B43BB00805339 /* UIKit.framework */; };
		A4A1BA64192B43BB00805339 /* SpriteKit.framework in Frameworks */ = {isa = PBXBuildFile; fileRef = A4A1BA63192B43BB00805339 /* SpriteKit.framework */; };
		A4A1BA6A192B43BB00805339 /* InfoPlist.strings in Resources */ = {isa = PBXBuildFile; fileRef = A4A1BA68192B43BB00805339 /* InfoPlist.strings */; };
		A4A1BA6C192B43BB00805339 /* main.m in Sources */ = {isa = PBXBuildFile; fileRef = A4A1BA6B192B43BB00805339 /* main.m */; };
		A4A1BA70192B43BB00805339 /* AppDelegate.m in Sources */ = {isa = PBXBuildFile; fileRef = A4A1BA6F192B43BB00805339 /* AppDelegate.m */; };
		A4A1BA73192B43BB00805339 /* Main.storyboard in Resources */ = {isa = PBXBuildFile; fileRef = A4A1BA71192B43BB00805339 /* Main.storyboard */; };
		A4A1BA76192B43BB00805339 /* ViewController.m in Sources */ = {isa = PBXBuildFile; fileRef = A4A1BA75192B43BB00805339 /* ViewController.m */; };
		A4A1BA79192B43BB00805339 /* TitleScene.m in Sources */ = {isa = PBXBuildFile; fileRef = A4A1BA78192B43BB00805339 /* TitleScene.m */; };
		A4A1BA7D192B43BB00805339 /* Images.xcassets in Resources */ = {isa = PBXBuildFile; fileRef = A4A1BA7C192B43BB00805339 /* Images.xcassets */; };
		A4A1BA84192B43BB00805339 /* XCTest.framework in Frameworks */ = {isa = PBXBuildFile; fileRef = A4A1BA83192B43BB00805339 /* XCTest.framework */; };
		A4A1BA85192B43BB00805339 /* Foundation.framework in Frameworks */ = {isa = PBXBuildFile; fileRef = A4A1BA5D192B43BB00805339 /* Foundation.framework */; };
		A4A1BA86192B43BB00805339 /* UIKit.framework in Frameworks */ = {isa = PBXBuildFile; fileRef = A4A1BA61192B43BB00805339 /* UIKit.framework */; };
		A4A1BA8E192B43BB00805339 /* InfoPlist.strings in Resources */ = {isa = PBXBuildFile; fileRef = A4A1BA8C192B43BB00805339 /* InfoPlist.strings */; };
		A4A1BA90192B43BB00805339 /* FirstGameTests.m in Sources */ = {isa = PBXBuildFile; fileRef = A4A1BA8F192B43BB00805339 /* FirstGameTests.m */; };
		A4A1BA9B192B43E400805339 /* GameScene.m in Sources */ = {isa = PBXBuildFile; fileRef = A4A1BA9A192B43E400805339 /* GameScene.m */; };
		A4A1BAA4192B44D300805339 /* SceneManager.m in Sources */ = {isa = PBXBuildFile; fileRef = A4A1BAA3192B44D300805339 /* SceneManager.m */; };
		A4A1BAA7192B44E800805339 /* GameView.m in Sources */ = {isa = PBXBuildFile; fileRef = A4A1BAA6192B44E800805339 /* GameView.m */; };
		A4A29C0E197169F600B1393A /* raptime.png in Resources */ = {isa = PBXBuildFile; fileRef = A4A29C0D197169F600B1393A /* raptime.png */; };
		A4A29C1A19756DDE00B1393A /* gameOver.png in Resources */ = {isa = PBXBuildFile; fileRef = A4A29C1919756DDE00B1393A /* gameOver.png */; };
		A4A2DC801976DD080081792D /* score.png in Resources */ = {isa = PBXBuildFile; fileRef = A4A2DC7F1976DD080081792D /* score.png */; };
		A4A2DC821979142C0081792D /* start.png in Resources */ = {isa = PBXBuildFile; fileRef = A4A2DC811979142C0081792D /* start.png */; };
		A4A2DC84197914310081792D /* ranking.png in Resources */ = {isa = PBXBuildFile; fileRef = A4A2DC83197914310081792D /* ranking.png */; };
		A4A2DC8A197933C70081792D /* top.png in Resources */ = {isa = PBXBuildFile; fileRef = A4A2DC89197933C70081792D /* top.png */; };
		A4A2DC8C197934100081792D /* tutorial.png in Resources */ = {isa = PBXBuildFile; fileRef = A4A2DC8B197934100081792D /* tutorial.png */; };
		A4A2DC8E197936310081792D /* haikei.png in Resources */ = {isa = PBXBuildFile; fileRef = A4A2DC8D197936310081792D /* haikei.png */; };
		A4A2DC93197963900081792D /* Impact.ttf in Resources */ = {isa = PBXBuildFile; fileRef = A4A2DC92197961820081792D /* Impact.ttf */; };
		A4A2DC95197A95CB0081792D /* image.png in Resources */ = {isa = PBXBuildFile; fileRef = A4A2DC94197A95CB0081792D /* image.png */; };
		A4A79FDE195C5B050060B266 /* next_taped.png in Resources */ = {isa = PBXBuildFile; fileRef = A4A79FDC195C5B050060B266 /* next_taped.png */; };
		A4A79FDF195C5B050060B266 /* previous_taped.png in Resources */ = {isa = PBXBuildFile; fileRef = A4A79FDD195C5B050060B266 /* previous_taped.png */; };
		A4A79FE2195C5B180060B266 /* next.png in Resources */ = {isa = PBXBuildFile; fileRef = A4A79FE0195C5B180060B266 /* next.png */; };
		A4A79FE3195C5B180060B266 /* previous.png in Resources */ = {isa = PBXBuildFile; fileRef = A4A79FE1195C5B180060B266 /* previous.png */; };
		A4A8D342197E874500A1EA5A /* Island3.png in Resources */ = {isa = PBXBuildFile; fileRef = A4A8D341197E874500A1EA5A /* Island3.png */; };
		A4D7F4EC1939F489005225B6 /* Smoke.sks in Resources */ = {isa = PBXBuildFile; fileRef = A4D7F4EB1939F489005225B6 /* Smoke.sks */; };
		A4D7F4EF1939F4BE005225B6 /* Fire.sks in Resources */ = {isa = PBXBuildFile; fileRef = A4D7F4ED1939F4BE005225B6 /* Fire.sks */; };
		A4D7F4F01939F4BE005225B6 /* spark.png in Resources */ = {isa = PBXBuildFile; fileRef = A4D7F4EE1939F4BE005225B6 /* spark.png */; };
		A4D7F4F21939F4D6005225B6 /* Spark.sks in Resources */ = {isa = PBXBuildFile; fileRef = A4D7F4F11939F4D6005225B6 /* Spark.sks */; };
		A4F0A0FD195C6BDE0042ACED /* tutorial2.png in Resources */ = {isa = PBXBuildFile; fileRef = A4F0A0FC195C6BDE0042ACED /* tutorial2.png */; };
		A4F633FC1930785B00187BED /* mario.png in Resources */ = {isa = PBXBuildFile; fileRef = A4F633FB1930785B00187BED /* mario.png */; };
/* End PBXBuildFile section */

/* Begin PBXContainerItemProxy section */
		A4A1BA87192B43BB00805339 /* PBXContainerItemProxy */ = {
			isa = PBXContainerItemProxy;
			containerPortal = A4A1BA52192B43BB00805339 /* Project object */;
			proxyType = 1;
			remoteGlobalIDString = A4A1BA59192B43BB00805339;
			remoteInfo = FirstGame;
		};
/* End PBXContainerItemProxy section */

/* Begin PBXFileReference section */
		0414C0FC197E424800349AB0 /* GameKit.framework */ = {isa = PBXFileReference; lastKnownFileType = wrapper.framework; name = GameKit.framework; path = System/Library/Frameworks/GameKit.framework; sourceTree = SDKROOT; };
		0454A58719374B07002403B5 /* jump.wav */ = {isa = PBXFileReference; lastKnownFileType = audio.wav; path = jump.wav; sourceTree = "<group>"; };
		049CEE0C1951D12B00949E29 /* ground.atlas */ = {isa = PBXFileReference; lastKnownFileType = folder.skatlas; path = ground.atlas; sourceTree = "<group>"; };
		04B85441193C73DE00F000A8 /* ObjectBitMask.h */ = {isa = PBXFileReference; fileEncoding = 4; lastKnownFileType = sourcecode.c.h; name = ObjectBitMask.h; path = ../ObjectBitMask.h; sourceTree = "<group>"; };
		04B85442193C73DE00F000A8 /* ObjectBitMask.m */ = {isa = PBXFileReference; fileEncoding = 4; lastKnownFileType = sourcecode.c.objc; name = ObjectBitMask.m; path = ../ObjectBitMask.m; sourceTree = "<group>"; };
		04B85444193C73F500F000A8 /* Player.h */ = {isa = PBXFileReference; fileEncoding = 4; lastKnownFileType = sourcecode.c.h; name = Player.h; path = ../Player.h; sourceTree = "<group>"; };
		04B85445193C73F500F000A8 /* Player.m */ = {isa = PBXFileReference; fileEncoding = 4; lastKnownFileType = sourcecode.c.objc; name = Player.m; path = ../Player.m; sourceTree = "<group>"; };
		04B85447193C80A600F000A8 /* Ground.h */ = {isa = PBXFileReference; fileEncoding = 4; lastKnownFileType = sourcecode.c.h; path = Ground.h; sourceTree = "<group>"; };
		04B85448193C80A600F000A8 /* Ground.m */ = {isa = PBXFileReference; fileEncoding = 4; lastKnownFileType = sourcecode.c.objc; path = Ground.m; sourceTree = "<group>"; };
		04B8544A193C93FF00F000A8 /* Wall.h */ = {isa = PBXFileReference; fileEncoding = 4; lastKnownFileType = sourcecode.c.h; path = Wall.h; sourceTree = "<group>"; };
		04B8544B193C93FF00F000A8 /* Wall.m */ = {isa = PBXFileReference; fileEncoding = 4; lastKnownFileType = sourcecode.c.objc; path = Wall.m; sourceTree = "<group>"; };
		04B8544D193CA30D00F000A8 /* Sensor.h */ = {isa = PBXFileReference; fileEncoding = 4; lastKnownFileType = sourcecode.c.h; path = Sensor.h; sourceTree = "<group>"; };
		04B8544E193CA30D00F000A8 /* Sensor.m */ = {isa = PBXFileReference; fileEncoding = 4; lastKnownFileType = sourcecode.c.objc; path = Sensor.m; sourceTree = "<group>"; };
		04B85450193CAB9400F000A8 /* Sea.h */ = {isa = PBXFileReference; fileEncoding = 4; lastKnownFileType = sourcecode.c.h; path = Sea.h; sourceTree = "<group>"; };
		04B85451193CAB9400F000A8 /* Sea.m */ = {isa = PBXFileReference; fileEncoding = 4; lastKnownFileType = sourcecode.c.objc; path = Sea.m; sourceTree = "<group>"; };
		A410877619659CCD00E32324 /* walkPenguin.atlas */ = {isa = PBXFileReference; lastKnownFileType = folder.skatlas; path = walkPenguin.atlas; sourceTree = "<group>"; };
		A410877A19659F4C00E32324 /* flyPenguin.atlas */ = {isa = PBXFileReference; lastKnownFileType = folder.skatlas; path = flyPenguin.atlas; sourceTree = "<group>"; };
		A410877C1966A8A200E32324 /* flyPoint.png */ = {isa = PBXFileReference; lastKnownFileType = image.png; path = flyPoint.png; sourceTree = "<group>"; };
		A410877E1966B68700E32324 /* pengin6.png */ = {isa = PBXFileReference; lastKnownFileType = image.png; path = pengin6.png; sourceTree = "<group>"; };
		A41996F519711913006980F7 /* tutorial1.jpg */ = {isa = PBXFileReference; lastKnownFileType = image.jpeg; path = tutorial1.jpg; sourceTree = "<group>"; };
		A41996F719713F25006980F7 /* kanban.png */ = {isa = PBXFileReference; lastKnownFileType = image.png; path = kanban.png; sourceTree = "<group>"; };
		A471A28B1942FB28002E1EAD /* attackedWall.mp3 */ = {isa = PBXFileReference; lastKnownFileType = audio.mp3; path = attackedWall.mp3; sourceTree = "<group>"; };
		A471A29019430B16002E1EAD /* Fish.png */ = {isa = PBXFileReference; lastKnownFileType = image.png; path = Fish.png; sourceTree = "<group>"; };
		A48DBF38197E196900A94B47 /* pengin5.png */ = {isa = PBXFileReference; lastKnownFileType = image.png; path = pengin5.png; sourceTree = "<group>"; };
		A49D6936197E0C4F00D211E7 /* sp-setofont.ttf */ = {isa = PBXFileReference; lastKnownFileType = file; path = "sp-setofont.ttf"; sourceTree = "<group>"; };
		A4A1048E19434F19003182DD /* Fish.h */ = {isa = PBXFileReference; fileEncoding = 4; lastKnownFileType = sourcecode.c.h; name = Fish.h; path = ../Fish.h; sourceTree = "<group>"; };
		A4A1048F19434F19003182DD /* Fish.m */ = {isa = PBXFileReference; fileEncoding = 4; lastKnownFileType = sourcecode.c.objc; name = Fish.m; path = ../Fish.m; sourceTree = "<group>"; };
		A4A1049D19472BCF003182DD /* hyouzan.png */ = {isa = PBXFileReference; lastKnownFileType = image.png; path = hyouzan.png; sourceTree = "<group>"; };
		A4A104C71949CD75003182DD /* cloud3.png */ = {isa = PBXFileReference; lastKnownFileType = image.png; path = cloud3.png; sourceTree = "<group>"; };
		A4A104C81949CD75003182DD /* cloud2.png */ = {isa = PBXFileReference; lastKnownFileType = image.png; path = cloud2.png; sourceTree = "<group>"; };
		A4A104C91949CD75003182DD /* cloud1.png */ = {isa = PBXFileReference; lastKnownFileType = image.png; path = cloud1.png; sourceTree = "<group>"; };
		A4A104CA1949CD75003182DD /* cloud4.png */ = {isa = PBXFileReference; lastKnownFileType = image.png; path = cloud4.png; sourceTree = "<group>"; };
		A4A104DB1949E549003182DD /* Island.h */ = {isa = PBXFileReference; fileEncoding = 4; lastKnownFileType = sourcecode.c.h; path = Island.h; sourceTree = "<group>"; };
		A4A104DC1949E549003182DD /* Island.m */ = {isa = PBXFileReference; fileEncoding = 4; lastKnownFileType = sourcecode.c.objc; path = Island.m; sourceTree = "<group>"; };
		A4A104E6194B252F003182DD /* Cloud.h */ = {isa = PBXFileReference; fileEncoding = 4; lastKnownFileType = sourcecode.c.h; path = Cloud.h; sourceTree = "<group>"; };
		A4A104E7194B252F003182DD /* Cloud.m */ = {isa = PBXFileReference; fileEncoding = 4; lastKnownFileType = sourcecode.c.objc; path = Cloud.m; sourceTree = "<group>"; };
		A4A104EB194B33AE003182DD /* backmusic.mp3 */ = {isa = PBXFileReference; lastKnownFileType = audio.mp3; path = backmusic.mp3; sourceTree = "<group>"; };
		A4A104F0194B37DC003182DD /* gameover.mp3 */ = {isa = PBXFileReference; lastKnownFileType = audio.mp3; path = gameover.mp3; sourceTree = "<group>"; };
		A4A147041964090700AD140E /* sea.png */ = {isa = PBXFileReference; lastKnownFileType = image.png; path = sea.png; sourceTree = "<group>"; };
		A4A1470A1964410D00AD140E /* Island1.png */ = {isa = PBXFileReference; lastKnownFileType = image.png; path = Island1.png; sourceTree = "<group>"; };
		A4A1470B1964410D00AD140E /* Island2.png */ = {isa = PBXFileReference; lastKnownFileType = image.png; path = Island2.png; sourceTree = "<group>"; };
		A4A1BA5A192B43BB00805339 /* FirstGame.app */ = {isa = PBXFileReference; explicitFileType = wrapper.application; includeInIndex = 0; path = FirstGame.app; sourceTree = BUILT_PRODUCTS_DIR; };
		A4A1BA5D192B43BB00805339 /* Foundation.framework */ = {isa = PBXFileReference; lastKnownFileType = wrapper.framework; name = Foundation.framework; path = System/Library/Frameworks/Foundation.framework; sourceTree = SDKROOT; };
		A4A1BA5F192B43BB00805339 /* CoreGraphics.framework */ = {isa = PBXFileReference; lastKnownFileType = wrapper.framework; name = CoreGraphics.framework; path = System/Library/Frameworks/CoreGraphics.framework; sourceTree = SDKROOT; };
		A4A1BA61192B43BB00805339 /* UIKit.framework */ = {isa = PBXFileReference; lastKnownFileType = wrapper.framework; name = UIKit.framework; path = System/Library/Frameworks/UIKit.framework; sourceTree = SDKROOT; };
		A4A1BA63192B43BB00805339 /* SpriteKit.framework */ = {isa = PBXFileReference; lastKnownFileType = wrapper.framework; name = SpriteKit.framework; path = System/Library/Frameworks/SpriteKit.framework; sourceTree = SDKROOT; };
		A4A1BA67192B43BB00805339 /* FirstGame-Info.plist */ = {isa = PBXFileReference; lastKnownFileType = text.plist.xml; path = "FirstGame-Info.plist"; sourceTree = "<group>"; };
		A4A1BA69192B43BB00805339 /* en */ = {isa = PBXFileReference; lastKnownFileType = text.plist.strings; name = en; path = en.lproj/InfoPlist.strings; sourceTree = "<group>"; };
		A4A1BA6B192B43BB00805339 /* main.m */ = {isa = PBXFileReference; lastKnownFileType = sourcecode.c.objc; path = main.m; sourceTree = "<group>"; };
		A4A1BA6D192B43BB00805339 /* FirstGame-Prefix.pch */ = {isa = PBXFileReference; lastKnownFileType = sourcecode.c.h; path = "FirstGame-Prefix.pch"; sourceTree = "<group>"; };
		A4A1BA6E192B43BB00805339 /* AppDelegate.h */ = {isa = PBXFileReference; lastKnownFileType = sourcecode.c.h; path = AppDelegate.h; sourceTree = "<group>"; };
		A4A1BA6F192B43BB00805339 /* AppDelegate.m */ = {isa = PBXFileReference; lastKnownFileType = sourcecode.c.objc; path = AppDelegate.m; sourceTree = "<group>"; };
		A4A1BA72192B43BB00805339 /* Base */ = {isa = PBXFileReference; lastKnownFileType = file.storyboard; name = Base; path = Base.lproj/Main.storyboard; sourceTree = "<group>"; };
		A4A1BA74192B43BB00805339 /* ViewController.h */ = {isa = PBXFileReference; lastKnownFileType = sourcecode.c.h; path = ViewController.h; sourceTree = "<group>"; };
		A4A1BA75192B43BB00805339 /* ViewController.m */ = {isa = PBXFileReference; lastKnownFileType = sourcecode.c.objc; path = ViewController.m; sourceTree = "<group>"; };
		A4A1BA77192B43BB00805339 /* TitleScene.h */ = {isa = PBXFileReference; lastKnownFileType = sourcecode.c.h; path = TitleScene.h; sourceTree = "<group>"; };
		A4A1BA78192B43BB00805339 /* TitleScene.m */ = {isa = PBXFileReference; lastKnownFileType = sourcecode.c.objc; path = TitleScene.m; sourceTree = "<group>"; };
		A4A1BA7C192B43BB00805339 /* Images.xcassets */ = {isa = PBXFileReference; lastKnownFileType = folder.assetcatalog; path = Images.xcassets; sourceTree = "<group>"; };
		A4A1BA82192B43BB00805339 /* FirstGameTests.xctest */ = {isa = PBXFileReference; explicitFileType = wrapper.cfbundle; includeInIndex = 0; path = FirstGameTests.xctest; sourceTree = BUILT_PRODUCTS_DIR; };
		A4A1BA83192B43BB00805339 /* XCTest.framework */ = {isa = PBXFileReference; lastKnownFileType = wrapper.framework; name = XCTest.framework; path = Library/Frameworks/XCTest.framework; sourceTree = DEVELOPER_DIR; };
		A4A1BA8B192B43BB00805339 /* FirstGameTests-Info.plist */ = {isa = PBXFileReference; lastKnownFileType = text.plist.xml; path = "FirstGameTests-Info.plist"; sourceTree = "<group>"; };
		A4A1BA8D192B43BB00805339 /* en */ = {isa = PBXFileReference; lastKnownFileType = text.plist.strings; name = en; path = en.lproj/InfoPlist.strings; sourceTree = "<group>"; };
		A4A1BA8F192B43BB00805339 /* FirstGameTests.m */ = {isa = PBXFileReference; lastKnownFileType = sourcecode.c.objc; path = FirstGameTests.m; sourceTree = "<group>"; };
		A4A1BA99192B43E400805339 /* GameScene.h */ = {isa = PBXFileReference; fileEncoding = 4; lastKnownFileType = sourcecode.c.h; path = GameScene.h; sourceTree = "<group>"; };
		A4A1BA9A192B43E400805339 /* GameScene.m */ = {isa = PBXFileReference; fileEncoding = 4; lastKnownFileType = sourcecode.c.objc; path = GameScene.m; sourceTree = "<group>"; };
		A4A1BAA2192B44D300805339 /* SceneManager.h */ = {isa = PBXFileReference; fileEncoding = 4; lastKnownFileType = sourcecode.c.h; path = SceneManager.h; sourceTree = "<group>"; };
		A4A1BAA3192B44D300805339 /* SceneManager.m */ = {isa = PBXFileReference; fileEncoding = 4; lastKnownFileType = sourcecode.c.objc; path = SceneManager.m; sourceTree = "<group>"; };
		A4A1BAA5192B44E800805339 /* GameView.h */ = {isa = PBXFileReference; fileEncoding = 4; lastKnownFileType = sourcecode.c.h; path = GameView.h; sourceTree = "<group>"; };
		A4A1BAA6192B44E800805339 /* GameView.m */ = {isa = PBXFileReference; fileEncoding = 4; lastKnownFileType = sourcecode.c.objc; path = GameView.m; sourceTree = "<group>"; };
		A4A29C0D197169F600B1393A /* raptime.png */ = {isa = PBXFileReference; lastKnownFileType = image.png; path = raptime.png; sourceTree = "<group>"; };
		A4A29C1919756DDE00B1393A /* gameOver.png */ = {isa = PBXFileReference; lastKnownFileType = image.png; path = gameOver.png; sourceTree = "<group>"; };
		A4A2DC7F1976DD080081792D /* score.png */ = {isa = PBXFileReference; lastKnownFileType = image.png; path = score.png; sourceTree = "<group>"; };
		A4A2DC811979142C0081792D /* start.png */ = {isa = PBXFileReference; lastKnownFileType = image.png; path = start.png; sourceTree = "<group>"; };
		A4A2DC83197914310081792D /* ranking.png */ = {isa = PBXFileReference; lastKnownFileType = image.png; path = ranking.png; sourceTree = "<group>"; };
		A4A2DC89197933C70081792D /* top.png */ = {isa = PBXFileReference; lastKnownFileType = image.png; path = top.png; sourceTree = "<group>"; };
		A4A2DC8B197934100081792D /* tutorial.png */ = {isa = PBXFileReference; lastKnownFileType = image.png; path = tutorial.png; sourceTree = "<group>"; };
		A4A2DC8D197936310081792D /* haikei.png */ = {isa = PBXFileReference; lastKnownFileType = image.png; path = haikei.png; sourceTree = "<group>"; };
		A4A2DC92197961820081792D /* Impact.ttf */ = {isa = PBXFileReference; lastKnownFileType = file; path = Impact.ttf; sourceTree = "<group>"; };
		A4A2DC94197A95CB0081792D /* image.png */ = {isa = PBXFileReference; lastKnownFileType = image.png; path = image.png; sourceTree = "<group>"; };
		A4A79FDC195C5B050060B266 /* next_taped.png */ = {isa = PBXFileReference; lastKnownFileType = image.png; path = next_taped.png; sourceTree = "<group>"; };
		A4A79FDD195C5B050060B266 /* previous_taped.png */ = {isa = PBXFileReference; lastKnownFileType = image.png; path = previous_taped.png; sourceTree = "<group>"; };
		A4A79FE0195C5B180060B266 /* next.png */ = {isa = PBXFileReference; lastKnownFileType = image.png; path = next.png; sourceTree = "<group>"; };
		A4A79FE1195C5B180060B266 /* previous.png */ = {isa = PBXFileReference; lastKnownFileType = image.png; path = previous.png; sourceTree = "<group>"; };
		A4A8D341197E874500A1EA5A /* Island3.png */ = {isa = PBXFileReference; lastKnownFileType = image.png; path = Island3.png; sourceTree = "<group>"; };
		A4D7F4EB1939F489005225B6 /* Smoke.sks */ = {isa = PBXFileReference; lastKnownFileType = file.sks; path = Smoke.sks; sourceTree = "<group>"; };
		A4D7F4ED1939F4BE005225B6 /* Fire.sks */ = {isa = PBXFileReference; lastKnownFileType = file.sks; path = Fire.sks; sourceTree = "<group>"; };
		A4D7F4EE1939F4BE005225B6 /* spark.png */ = {isa = PBXFileReference; lastKnownFileType = image.png; path = spark.png; sourceTree = "<group>"; };
		A4D7F4F11939F4D6005225B6 /* Spark.sks */ = {isa = PBXFileReference; lastKnownFileType = file.sks; path = Spark.sks; sourceTree = "<group>"; };
		A4F0A0FC195C6BDE0042ACED /* tutorial2.png */ = {isa = PBXFileReference; lastKnownFileType = image.png; path = tutorial2.png; sourceTree = "<group>"; };
		A4F633FB1930785B00187BED /* mario.png */ = {isa = PBXFileReference; lastKnownFileType = image.png; path = mario.png; sourceTree = "<group>"; };
/* End PBXFileReference section */

/* Begin PBXFrameworksBuildPhase section */
		A4A1BA57192B43BB00805339 /* Frameworks */ = {
			isa = PBXFrameworksBuildPhase;
			buildActionMask = 2147483647;
			files = (
				A4A1BA60192B43BB00805339 /* CoreGraphics.framework in Frameworks */,
				A4A1BA62192B43BB00805339 /* UIKit.framework in Frameworks */,
				A4A1BA64192B43BB00805339 /* SpriteKit.framework in Frameworks */,
				A4A1BA5E192B43BB00805339 /* Foundation.framework in Frameworks */,
				0414C0FD197E424800349AB0 /* GameKit.framework in Frameworks */,
			);
			runOnlyForDeploymentPostprocessing = 0;
		};
		A4A1BA7F192B43BB00805339 /* Frameworks */ = {
			isa = PBXFrameworksBuildPhase;
			buildActionMask = 2147483647;
			files = (
				A4A1BA84192B43BB00805339 /* XCTest.framework in Frameworks */,
				A4A1BA86192B43BB00805339 /* UIKit.framework in Frameworks */,
				A4A1BA85192B43BB00805339 /* Foundation.framework in Frameworks */,
			);
			runOnlyForDeploymentPostprocessing = 0;
		};
/* End PBXFrameworksBuildPhase section */

/* Begin PBXGroup section */
		A4A1BA51192B43BB00805339 = {
			isa = PBXGroup;
			children = (
				A4A1BA65192B43BB00805339 /* FirstGame */,
				A4A1BA89192B43BB00805339 /* FirstGameTests */,
				A4A1BA5C192B43BB00805339 /* Frameworks */,
				A4A1BA5B192B43BB00805339 /* Products */,
			);
			sourceTree = "<group>";
		};
		A4A1BA5B192B43BB00805339 /* Products */ = {
			isa = PBXGroup;
			children = (
				A4A1BA5A192B43BB00805339 /* FirstGame.app */,
				A4A1BA82192B43BB00805339 /* FirstGameTests.xctest */,
			);
			name = Products;
			sourceTree = "<group>";
		};
		A4A1BA5C192B43BB00805339 /* Frameworks */ = {
			isa = PBXGroup;
			children = (
				0414C0FC197E424800349AB0 /* GameKit.framework */,
				A4A1BA5D192B43BB00805339 /* Foundation.framework */,
				A4A1BA5F192B43BB00805339 /* CoreGraphics.framework */,
				A4A1BA61192B43BB00805339 /* UIKit.framework */,
				A4A1BA63192B43BB00805339 /* SpriteKit.framework */,
				A4A1BA83192B43BB00805339 /* XCTest.framework */,
			);
			name = Frameworks;
			sourceTree = "<group>";
		};
		A4A1BA65192B43BB00805339 /* FirstGame */ = {
			isa = PBXGroup;
			children = (
				04B85447193C80A600F000A8 /* Ground.h */,
				04B85448193C80A600F000A8 /* Ground.m */,
				A4A1048E19434F19003182DD /* Fish.h */,
				A4A1048F19434F19003182DD /* Fish.m */,
				04B85444193C73F500F000A8 /* Player.h */,
				04B85445193C73F500F000A8 /* Player.m */,
				04B8544D193CA30D00F000A8 /* Sensor.h */,
				04B8544E193CA30D00F000A8 /* Sensor.m */,
				04B85441193C73DE00F000A8 /* ObjectBitMask.h */,
				04B85442193C73DE00F000A8 /* ObjectBitMask.m */,
				A4A1BA6E192B43BB00805339 /* AppDelegate.h */,
				A4A1BA6F192B43BB00805339 /* AppDelegate.m */,
				A4A1BA71192B43BB00805339 /* Main.storyboard */,
				A4A1BA74192B43BB00805339 /* ViewController.h */,
				A4A1BA75192B43BB00805339 /* ViewController.m */,
				A4A1BAA5192B44E800805339 /* GameView.h */,
				A4A1BAA6192B44E800805339 /* GameView.m */,
				04B85450193CAB9400F000A8 /* Sea.h */,
				04B85451193CAB9400F000A8 /* Sea.m */,
				A4A104DB1949E549003182DD /* Island.h */,
				A4A104DC1949E549003182DD /* Island.m */,
				A4A104E6194B252F003182DD /* Cloud.h */,
				A4A104E7194B252F003182DD /* Cloud.m */,
				04B8544A193C93FF00F000A8 /* Wall.h */,
				04B8544B193C93FF00F000A8 /* Wall.m */,
				A4A1BA77192B43BB00805339 /* TitleScene.h */,
				A4A1BA78192B43BB00805339 /* TitleScene.m */,
				A4A1BA99192B43E400805339 /* GameScene.h */,
				A4A1BA9A192B43E400805339 /* GameScene.m */,
				A4A1BAA2192B44D300805339 /* SceneManager.h */,
				A4A1BAA3192B44D300805339 /* SceneManager.m */,
				A4A1BA7C192B43BB00805339 /* Images.xcassets */,
				A4A1BA66192B43BB00805339 /* Supporting Files */,
			);
			path = FirstGame;
			sourceTree = "<group>";
		};
		A4A1BA66192B43BB00805339 /* Supporting Files */ = {
			isa = PBXGroup;
			children = (
				A471A28B1942FB28002E1EAD /* attackedWall.mp3 */,
				A4A104EB194B33AE003182DD /* backmusic.mp3 */,
				A41996F719713F25006980F7 /* kanban.png */,
				A4A2DC7F1976DD080081792D /* score.png */,
				A4A104C91949CD75003182DD /* cloud1.png */,
				A4A104C81949CD75003182DD /* cloud2.png */,
				A4A104C71949CD75003182DD /* cloud3.png */,
				A4A104CA1949CD75003182DD /* cloud4.png */,
				A4A147041964090700AD140E /* sea.png */,
				A4D7F4ED1939F4BE005225B6 /* Fire.sks */,
				A49D6936197E0C4F00D211E7 /* sp-setofont.ttf */,
				A4A1BA67192B43BB00805339 /* FirstGame-Info.plist */,
				A4A1BA6D192B43BB00805339 /* FirstGame-Prefix.pch */,
				A471A29019430B16002E1EAD /* Fish.png */,
				A410877A19659F4C00E32324 /* flyPenguin.atlas */,
				A410877619659CCD00E32324 /* walkPenguin.atlas */,
				A4A104F0194B37DC003182DD /* gameover.mp3 */,
				049CEE0C1951D12B00949E29 /* ground.atlas */,
				A4A1049D19472BCF003182DD /* hyouzan.png */,
				A4A29C1919756DDE00B1393A /* gameOver.png */,
				A4A29C0D197169F600B1393A /* raptime.png */,
				A4A2DC8D197936310081792D /* haikei.png */,
				A410877C1966A8A200E32324 /* flyPoint.png */,
				A4A1470A1964410D00AD140E /* Island1.png */,
				A4A1470B1964410D00AD140E /* Island2.png */,
				A4A8D341197E874500A1EA5A /* Island3.png */,
				A4A1BA68192B43BB00805339 /* InfoPlist.strings */,
				0454A58719374B07002403B5 /* jump.wav */,
				A48DBF38197E196900A94B47 /* pengin5.png */,
				A410877E1966B68700E32324 /* pengin6.png */,
				A4A1BA6B192B43BB00805339 /* main.m */,
				A4F633FB1930785B00187BED /* mario.png */,
				A4A2DC94197A95CB0081792D /* image.png */,
				A4A79FE0195C5B180060B266 /* next.png */,
				A4A79FDC195C5B050060B266 /* next_taped.png */,
				A4A79FE1195C5B180060B266 /* previous.png */,
				A4A79FDD195C5B050060B266 /* previous_taped.png */,
				A4A2DC89197933C70081792D /* top.png */,
				A4A2DC8B197934100081792D /* tutorial.png */,
				A4D7F4EB1939F489005225B6 /* Smoke.sks */,
				A4A2DC83197914310081792D /* ranking.png */,
				A4D7F4EE1939F4BE005225B6 /* spark.png */,
				A4A2DC92197961820081792D /* Impact.ttf */,
				A4D7F4F11939F4D6005225B6 /* Spark.sks */,
				A4A2DC811979142C0081792D /* start.png */,
				A41996F519711913006980F7 /* tutorial1.jpg */,
				A4F0A0FC195C6BDE0042ACED /* tutorial2.png */,
			);
			name = "Supporting Files";
			sourceTree = "<group>";
		};
		A4A1BA89192B43BB00805339 /* FirstGameTests */ = {
			isa = PBXGroup;
			children = (
				A4A1BA8F192B43BB00805339 /* FirstGameTests.m */,
				A4A1BA8A192B43BB00805339 /* Supporting Files */,
			);
			path = FirstGameTests;
			sourceTree = "<group>";
		};
		A4A1BA8A192B43BB00805339 /* Supporting Files */ = {
			isa = PBXGroup;
			children = (
				A4A1BA8B192B43BB00805339 /* FirstGameTests-Info.plist */,
				A4A1BA8C192B43BB00805339 /* InfoPlist.strings */,
			);
			name = "Supporting Files";
			sourceTree = "<group>";
		};
/* End PBXGroup section */

/* Begin PBXNativeTarget section */
		A4A1BA59192B43BB00805339 /* FirstGame */ = {
			isa = PBXNativeTarget;
			buildConfigurationList = A4A1BA93192B43BB00805339 /* Build configuration list for PBXNativeTarget "FirstGame" */;
			buildPhases = (
				A4A1BA56192B43BB00805339 /* Sources */,
				A4A1BA57192B43BB00805339 /* Frameworks */,
				A4A1BA58192B43BB00805339 /* Resources */,
			);
			buildRules = (
			);
			dependencies = (
			);
			name = FirstGame;
			productName = FirstGame;
			productReference = A4A1BA5A192B43BB00805339 /* FirstGame.app */;
			productType = "com.apple.product-type.application";
		};
		A4A1BA81192B43BB00805339 /* FirstGameTests */ = {
			isa = PBXNativeTarget;
			buildConfigurationList = A4A1BA96192B43BB00805339 /* Build configuration list for PBXNativeTarget "FirstGameTests" */;
			buildPhases = (
				A4A1BA7E192B43BB00805339 /* Sources */,
				A4A1BA7F192B43BB00805339 /* Frameworks */,
				A4A1BA80192B43BB00805339 /* Resources */,
			);
			buildRules = (
			);
			dependencies = (
				A4A1BA88192B43BB00805339 /* PBXTargetDependency */,
			);
			name = FirstGameTests;
			productName = FirstGameTests;
			productReference = A4A1BA82192B43BB00805339 /* FirstGameTests.xctest */;
			productType = "com.apple.product-type.bundle.unit-test";
		};
/* End PBXNativeTarget section */

/* Begin PBXProject section */
		A4A1BA52192B43BB00805339 /* Project object */ = {
			isa = PBXProject;
			attributes = {
				LastUpgradeCheck = 0510;
				ORGANIZATIONNAME = sacrew;
				TargetAttributes = {
					A4A1BA59192B43BB00805339 = {
						DevelopmentTeam = DQ67LBWH5G;
						SystemCapabilities = {
							com.apple.GameCenter = {
								enabled = 1;
							};
						};
					};
					A4A1BA81192B43BB00805339 = {
						TestTargetID = A4A1BA59192B43BB00805339;
					};
				};
			};
			buildConfigurationList = A4A1BA55192B43BB00805339 /* Build configuration list for PBXProject "FirstGame" */;
			compatibilityVersion = "Xcode 3.2";
			developmentRegion = English;
			hasScannedForEncodings = 0;
			knownRegions = (
				en,
				Base,
			);
			mainGroup = A4A1BA51192B43BB00805339;
			productRefGroup = A4A1BA5B192B43BB00805339 /* Products */;
			projectDirPath = "";
			projectRoot = "";
			targets = (
				A4A1BA59192B43BB00805339 /* FirstGame */,
				A4A1BA81192B43BB00805339 /* FirstGameTests */,
			);
		};
/* End PBXProject section */

/* Begin PBXResourcesBuildPhase section */
		A4A1BA58192B43BB00805339 /* Resources */ = {
			isa = PBXResourcesBuildPhase;
			buildActionMask = 2147483647;
			files = (
				A49D6937197E0CE200D211E7 /* sp-setofont.ttf in Resources */,
				A4A2DC93197963900081792D /* Impact.ttf in Resources */,
				A4A104CB1949CD75003182DD /* cloud3.png in Resources */,
				A410877D1966A8A200E32324 /* flyPoint.png in Resources */,
				A4A147051964090700AD140E /* sea.png in Resources */,
				A41996F819713F25006980F7 /* kanban.png in Resources */,
				A4A1470C1964410D00AD140E /* Island1.png in Resources */,
				A4A2DC801976DD080081792D /* score.png in Resources */,
				A4D7F4EC1939F489005225B6 /* Smoke.sks in Resources */,
				A471A28C1942FB28002E1EAD /* attackedWall.mp3 in Resources */,
				A4A104CC1949CD75003182DD /* cloud2.png in Resources */,
				A4A1049E19472BCF003182DD /* hyouzan.png in Resources */,
				A4A79FE3195C5B180060B266 /* previous.png in Resources */,
				0454A58819374B07002403B5 /* jump.wav in Resources */,
				A4A2DC8A197933C70081792D /* top.png in Resources */,
				A4A2DC8C197934100081792D /* tutorial.png in Resources */,
				A410877F1966B68700E32324 /* pengin6.png in Resources */,
				A4A79FE2195C5B180060B266 /* next.png in Resources */,
				A4A104CD1949CD75003182DD /* cloud1.png in Resources */,
				A410877719659CCD00E32324 /* walkPenguin.atlas in Resources */,
				A4A104CE1949CD75003182DD /* cloud4.png in Resources */,
				A48DBF39197E196900A94B47 /* pengin5.png in Resources */,
				A41996F619711913006980F7 /* tutorial1.jpg in Resources */,
				A4A79FDE195C5B050060B266 /* next_taped.png in Resources */,
				A4A1470D1964410D00AD140E /* Island2.png in Resources */,
				A4A1BA6A192B43BB00805339 /* InfoPlist.strings in Resources */,
				A4F0A0FD195C6BDE0042ACED /* tutorial2.png in Resources */,
				A4A29C0E197169F600B1393A /* raptime.png in Resources */,
				A4D7F4F01939F4BE005225B6 /* spark.png in Resources */,
				A4A2DC84197914310081792D /* ranking.png in Resources */,
				A4A8D342197E874500A1EA5A /* Island3.png in Resources */,
				A4A1BA7D192B43BB00805339 /* Images.xcassets in Resources */,
				A4D7F4EF1939F4BE005225B6 /* Fire.sks in Resources */,
				A4A2DC8E197936310081792D /* haikei.png in Resources */,
				A410877B19659F4C00E32324 /* flyPenguin.atlas in Resources */,
				049CEE0D1951D12B00949E29 /* ground.atlas in Resources */,
				A4F633FC1930785B00187BED /* mario.png in Resources */,
				A4A104EC194B33AE003182DD /* backmusic.mp3 in Resources */,
				A4A79FDF195C5B050060B266 /* previous_taped.png in Resources */,
				A4A2DC821979142C0081792D /* start.png in Resources */,
				A4A104F1194B37DC003182DD /* gameover.mp3 in Resources */,
				A4D7F4F21939F4D6005225B6 /* Spark.sks in Resources */,
				A471A29119430B16002E1EAD /* Fish.png in Resources */,
				A4A1BA73192B43BB00805339 /* Main.storyboard in Resources */,
				A4A29C1A19756DDE00B1393A /* gameOver.png in Resources */,
				A4A2DC95197A95CB0081792D /* image.png in Resources */,
			);
			runOnlyForDeploymentPostprocessing = 0;
		};
		A4A1BA80192B43BB00805339 /* Resources */ = {
			isa = PBXResourcesBuildPhase;
			buildActionMask = 2147483647;
			files = (
				A4A1BA8E192B43BB00805339 /* InfoPlist.strings in Resources */,
			);
			runOnlyForDeploymentPostprocessing = 0;
		};
/* End PBXResourcesBuildPhase section */

/* Begin PBXSourcesBuildPhase section */
		A4A1BA56192B43BB00805339 /* Sources */ = {
			isa = PBXSourcesBuildPhase;
			buildActionMask = 2147483647;
			files = (
				A4A1BA79192B43BB00805339 /* TitleScene.m in Sources */,
				A4A1049019434F19003182DD /* Fish.m in Sources */,
				A4A1BAA7192B44E800805339 /* GameView.m in Sources */,
				A4A1BA76192B43BB00805339 /* ViewController.m in Sources */,
				04B8544C193C93FF00F000A8 /* Wall.m in Sources */,
				A4A1BA9B192B43E400805339 /* GameScene.m in Sources */,
				A4A104DD1949E549003182DD /* Island.m in Sources */,
				04B8544F193CA30D00F000A8 /* Sensor.m in Sources */,
				04B85443193C73DE00F000A8 /* ObjectBitMask.m in Sources */,
				A4A104E8194B252F003182DD /* Cloud.m in Sources */,
				A4A1BA70192B43BB00805339 /* AppDelegate.m in Sources */,
				04B85452193CAB9400F000A8 /* Sea.m in Sources */,
				04B85449193C80A600F000A8 /* Ground.m in Sources */,
				A4A1BA6C192B43BB00805339 /* main.m in Sources */,
				04B85446193C73F500F000A8 /* Player.m in Sources */,
				A4A1BAA4192B44D300805339 /* SceneManager.m in Sources */,
			);
			runOnlyForDeploymentPostprocessing = 0;
		};
		A4A1BA7E192B43BB00805339 /* Sources */ = {
			isa = PBXSourcesBuildPhase;
			buildActionMask = 2147483647;
			files = (
				A4A1BA90192B43BB00805339 /* FirstGameTests.m in Sources */,
			);
			runOnlyForDeploymentPostprocessing = 0;
		};
/* End PBXSourcesBuildPhase section */

/* Begin PBXTargetDependency section */
		A4A1BA88192B43BB00805339 /* PBXTargetDependency */ = {
			isa = PBXTargetDependency;
			target = A4A1BA59192B43BB00805339 /* FirstGame */;
			targetProxy = A4A1BA87192B43BB00805339 /* PBXContainerItemProxy */;
		};
/* End PBXTargetDependency section */

/* Begin PBXVariantGroup section */
		A4A1BA68192B43BB00805339 /* InfoPlist.strings */ = {
			isa = PBXVariantGroup;
			children = (
				A4A1BA69192B43BB00805339 /* en */,
			);
			name = InfoPlist.strings;
			sourceTree = "<group>";
		};
		A4A1BA71192B43BB00805339 /* Main.storyboard */ = {
			isa = PBXVariantGroup;
			children = (
				A4A1BA72192B43BB00805339 /* Base */,
			);
			name = Main.storyboard;
			sourceTree = "<group>";
		};
		A4A1BA8C192B43BB00805339 /* InfoPlist.strings */ = {
			isa = PBXVariantGroup;
			children = (
				A4A1BA8D192B43BB00805339 /* en */,
			);
			name = InfoPlist.strings;
			sourceTree = "<group>";
		};
/* End PBXVariantGroup section */

/* Begin XCBuildConfiguration section */
		A4A1BA91192B43BB00805339 /* Debug */ = {
			isa = XCBuildConfiguration;
			buildSettings = {
				ALWAYS_SEARCH_USER_PATHS = NO;
				CLANG_CXX_LANGUAGE_STANDARD = "gnu++0x";
				CLANG_CXX_LIBRARY = "libc++";
				CLANG_ENABLE_MODULES = YES;
				CLANG_ENABLE_OBJC_ARC = YES;
				CLANG_WARN_BOOL_CONVERSION = YES;
				CLANG_WARN_CONSTANT_CONVERSION = YES;
				CLANG_WARN_DIRECT_OBJC_ISA_USAGE = YES_ERROR;
				CLANG_WARN_EMPTY_BODY = YES;
				CLANG_WARN_ENUM_CONVERSION = YES;
				CLANG_WARN_INT_CONVERSION = YES;
				CLANG_WARN_OBJC_ROOT_CLASS = YES_ERROR;
				CLANG_WARN__DUPLICATE_METHOD_MATCH = YES;
				"CODE_SIGN_IDENTITY[sdk=iphoneos*]" = "iPhone Developer";
				COPY_PHASE_STRIP = NO;
				GCC_C_LANGUAGE_STANDARD = gnu99;
				GCC_DYNAMIC_NO_PIC = NO;
				GCC_OPTIMIZATION_LEVEL = 0;
				GCC_PREPROCESSOR_DEFINITIONS = (
					"DEBUG=1",
					"$(inherited)",
				);
				GCC_SYMBOLS_PRIVATE_EXTERN = NO;
				GCC_WARN_64_TO_32_BIT_CONVERSION = YES;
				GCC_WARN_ABOUT_RETURN_TYPE = YES_ERROR;
				GCC_WARN_UNDECLARED_SELECTOR = YES;
				GCC_WARN_UNINITIALIZED_AUTOS = YES_AGGRESSIVE;
				GCC_WARN_UNUSED_FUNCTION = YES;
				GCC_WARN_UNUSED_VARIABLE = YES;
				IPHONEOS_DEPLOYMENT_TARGET = 7.1;
				ONLY_ACTIVE_ARCH = YES;
				SDKROOT = iphoneos;
			};
			name = Debug;
		};
		A4A1BA92192B43BB00805339 /* Release */ = {
			isa = XCBuildConfiguration;
			buildSettings = {
				ALWAYS_SEARCH_USER_PATHS = NO;
				CLANG_CXX_LANGUAGE_STANDARD = "gnu++0x";
				CLANG_CXX_LIBRARY = "libc++";
				CLANG_ENABLE_MODULES = YES;
				CLANG_ENABLE_OBJC_ARC = YES;
				CLANG_WARN_BOOL_CONVERSION = YES;
				CLANG_WARN_CONSTANT_CONVERSION = YES;
				CLANG_WARN_DIRECT_OBJC_ISA_USAGE = YES_ERROR;
				CLANG_WARN_EMPTY_BODY = YES;
				CLANG_WARN_ENUM_CONVERSION = YES;
				CLANG_WARN_INT_CONVERSION = YES;
				CLANG_WARN_OBJC_ROOT_CLASS = YES_ERROR;
				CLANG_WARN__DUPLICATE_METHOD_MATCH = YES;
				"CODE_SIGN_IDENTITY[sdk=iphoneos*]" = "iPhone Developer";
				COPY_PHASE_STRIP = YES;
				ENABLE_NS_ASSERTIONS = NO;
				GCC_C_LANGUAGE_STANDARD = gnu99;
				GCC_WARN_64_TO_32_BIT_CONVERSION = YES;
				GCC_WARN_ABOUT_RETURN_TYPE = YES_ERROR;
				GCC_WARN_UNDECLARED_SELECTOR = YES;
				GCC_WARN_UNINITIALIZED_AUTOS = YES_AGGRESSIVE;
				GCC_WARN_UNUSED_FUNCTION = YES;
				GCC_WARN_UNUSED_VARIABLE = YES;
				IPHONEOS_DEPLOYMENT_TARGET = 7.1;
				SDKROOT = iphoneos;
				VALIDATE_PRODUCT = YES;
			};
			name = Release;
		};
		A4A1BA94192B43BB00805339 /* Debug */ = {
			isa = XCBuildConfiguration;
			buildSettings = {
				ASSETCATALOG_COMPILER_APPICON_NAME = AppIcon;
				ASSETCATALOG_COMPILER_LAUNCHIMAGE_NAME = LaunchImage;
				CODE_SIGN_IDENTITY = "iPhone Developer";
				"CODE_SIGN_IDENTITY[sdk=iphoneos*]" = "iPhone Developer";
				GCC_PRECOMPILE_PREFIX_HEADER = YES;
				GCC_PREFIX_HEADER = "FirstGame/FirstGame-Prefix.pch";
				INFOPLIST_FILE = "FirstGame/FirstGame-Info.plist";
				ONLY_ACTIVE_ARCH = YES;
				PRODUCT_NAME = "$(TARGET_NAME)";
				PROVISIONING_PROFILE = "";
				SPRITEKIT_TEXTURE_ATLAS_OUTPUT = YES;
				TARGETED_DEVICE_FAMILY = 1;
				WRAPPER_EXTENSION = app;
			};
			name = Debug;
		};
		A4A1BA95192B43BB00805339 /* Release */ = {
			isa = XCBuildConfiguration;
			buildSettings = {
				ASSETCATALOG_COMPILER_APPICON_NAME = AppIcon;
				ASSETCATALOG_COMPILER_LAUNCHIMAGE_NAME = LaunchImage;
				CODE_SIGN_IDENTITY = "iPhone Developer";
				"CODE_SIGN_IDENTITY[sdk=iphoneos*]" = "iPhone Developer";
				GCC_PRECOMPILE_PREFIX_HEADER = YES;
				GCC_PREFIX_HEADER = "FirstGame/FirstGame-Prefix.pch";
				INFOPLIST_FILE = "FirstGame/FirstGame-Info.plist";
				ONLY_ACTIVE_ARCH = YES;
				PRODUCT_NAME = "$(TARGET_NAME)";
				PROVISIONING_PROFILE = "";
				SPRITEKIT_TEXTURE_ATLAS_OUTPUT = YES;
				TARGETED_DEVICE_FAMILY = 1;
				WRAPPER_EXTENSION = app;
			};
			name = Release;
		};
		A4A1BA97192B43BB00805339 /* Debug */ = {
			isa = XCBuildConfiguration;
			buildSettings = {
				BUNDLE_LOADER = "$(BUILT_PRODUCTS_DIR)/FirstGame.app/FirstGame";
				FRAMEWORK_SEARCH_PATHS = (
					"$(SDKROOT)/Developer/Library/Frameworks",
					"$(inherited)",
					"$(DEVELOPER_FRAMEWORKS_DIR)",
				);
				GCC_PRECOMPILE_PREFIX_HEADER = YES;
				GCC_PREFIX_HEADER = "FirstGame/FirstGame-Prefix.pch";
				GCC_PREPROCESSOR_DEFINITIONS = (
					"DEBUG=1",
					"$(inherited)",
				);
				INFOPLIST_FILE = "FirstGameTests/FirstGameTests-Info.plist";
				PRODUCT_NAME = "$(TARGET_NAME)";
				TEST_HOST = "$(BUNDLE_LOADER)";
				WRAPPER_EXTENSION = xctest;
			};
			name = Debug;
		};
		A4A1BA98192B43BB00805339 /* Release */ = {
			isa = XCBuildConfiguration;
			buildSettings = {
				BUNDLE_LOADER = "$(BUILT_PRODUCTS_DIR)/FirstGame.app/FirstGame";
				FRAMEWORK_SEARCH_PATHS = (
					"$(SDKROOT)/Developer/Library/Frameworks",
					"$(inherited)",
					"$(DEVELOPER_FRAMEWORKS_DIR)",
				);
				GCC_PRECOMPILE_PREFIX_HEADER = YES;
				GCC_PREFIX_HEADER = "FirstGame/FirstGame-Prefix.pch";
				INFOPLIST_FILE = "FirstGameTests/FirstGameTests-Info.plist";
				PRODUCT_NAME = "$(TARGET_NAME)";
				TEST_HOST = "$(BUNDLE_LOADER)";
				WRAPPER_EXTENSION = xctest;
			};
			name = Release;
		};
/* End XCBuildConfiguration section */

/* Begin XCConfigurationList section */
		A4A1BA55192B43BB00805339 /* Build configuration list for PBXProject "FirstGame" */ = {
			isa = XCConfigurationList;
			buildConfigurations = (
				A4A1BA91192B43BB00805339 /* Debug */,
				A4A1BA92192B43BB00805339 /* Release */,
			);
			defaultConfigurationIsVisible = 0;
			defaultConfigurationName = Release;
		};
		A4A1BA93192B43BB00805339 /* Build configuration list for PBXNativeTarget "FirstGame" */ = {
			isa = XCConfigurationList;
			buildConfigurations = (
				A4A1BA94192B43BB00805339 /* Debug */,
				A4A1BA95192B43BB00805339 /* Release */,
			);
			defaultConfigurationIsVisible = 0;
			defaultConfigurationName = Release;
		};
		A4A1BA96192B43BB00805339 /* Build configuration list for PBXNativeTarget "FirstGameTests" */ = {
			isa = XCConfigurationList;
			buildConfigurations = (
				A4A1BA97192B43BB00805339 /* Debug */,
				A4A1BA98192B43BB00805339 /* Release */,
			);
			defaultConfigurationIsVisible = 0;
			defaultConfigurationName = Release;
		};
/* End XCConfigurationList section */
	};
	rootObject = A4A1BA52192B43BB00805339 /* Project object */;
}
